
Microsoft Visual Studio Solution File, Format Version 12.00
# Visual Studio Version 17
VisualStudioVersion = 17.11.35222.181
MinimumVisualStudioVersion = 10.0.40219.1
Project("{8BC9CEB8-8B4A-11D0-8D11-00A0C91BC942}") = "1ex", "struct\struct.vcxproj", "{BB3A5527-CA0C-4CA6-9DDD-DCB36B2992BF}"
EndProject
Project("{8BC9CEB8-8B4A-11D0-8D11-00A0C91BC942}") = "2 ex", "2 ex\2 ex.vcxproj", "{E5B1AB29-57FC-4A8E-BEE7-A5F0B2725446}"
EndProject
Project("{8BC9CEB8-8B4A-11D0-8D11-00A0C91BC942}") = "3 ex", "3 ex\3 ex.vcxproj", "{A2D6E042-C70A-48A4-90D3-D7B31BF3486D}"
EndProject
Project("{8BC9CEB8-8B4A-11D0-8D11-00A0C91BC942}") = "4 ex", "4 ex\4 ex.vcxproj", "{34BC4F3A-015D-4524-AFA4-FBB440755C10}"
EndProject
Project("{8BC9CEB8-8B4A-11D0-8D11-00A0C91BC942}") = "6 ex", "6 ex\6 ex.vcxproj", "{EF0EEA33-5C44-4A68-A16F-4ABE9A35709A}"
EndProject
Project("{8BC9CEB8-8B4A-11D0-8D11-00A0C91BC942}") = "7 ex", "7 ex\7 ex.vcxproj", "{25B47559-6FB0-4B9C-ADD9-CDCC5189A7C0}"
EndProject
Project("{8BC9CEB8-8B4A-11D0-8D11-00A0C91BC942}") = "8 ex", "8 ex\8 ex.vcxproj", "{63B97EF3-22FD-4EEF-A7C0-7768EB028D60}"
EndProject
Project("{8BC9CEB8-8B4A-11D0-8D11-00A0C91BC942}") = "9 ex", "9 ex\9 ex.vcxproj", "{D982EF56-836E-4523-8368-B586758C850B}"
EndProject
Project("{8BC9CEB8-8B4A-11D0-8D11-00A0C91BC942}") = "10 ex", "10 ex\10 ex.vcxproj", "{CA06522E-4988-48C8-B6A9-ABD9976951DA}"
EndProject
Project("{8BC9CEB8-8B4A-11D0-8D11-00A0C91BC942}") = "11 ex", "11 ex\11 ex.vcxproj", "{7AA19F74-6D44-40B6-8486-001DAF677D45}"
EndProject
Global
	GlobalSection(SolutionConfigurationPlatforms) = preSolution
		Debug|x64 = Debug|x64
		Debug|x86 = Debug|x86
		Release|x64 = Release|x64
		Release|x86 = Release|x86
	EndGlobalSection
	GlobalSection(ProjectConfigurationPlatforms) = postSolution
		{BB3A5527-CA0C-4CA6-9DDD-DCB36B2992BF}.Debug|x64.ActiveCfg = Debug|x64
		{BB3A5527-CA0C-4CA6-9DDD-DCB36B2992BF}.Debug|x64.Build.0 = Debug|x64
		{BB3A5527-CA0C-4CA6-9DDD-DCB36B2992BF}.Debug|x86.ActiveCfg = Debug|Win32
		{BB3A5527-CA0C-4CA6-9DDD-DCB36B2992BF}.Debug|x86.Build.0 = Debug|Win32
		{BB3A5527-CA0C-4CA6-9DDD-DCB36B2992BF}.Release|x64.ActiveCfg = Release|x64
		{BB3A5527-CA0C-4CA6-9DDD-DCB36B2992BF}.Release|x64.Build.0 = Release|x64
		{BB3A5527-CA0C-4CA6-9DDD-DCB36B2992BF}.Release|x86.ActiveCfg = Release|Win32
		{BB3A5527-CA0C-4CA6-9DDD-DCB36B2992BF}.Release|x86.Build.0 = Release|Win32
		{E5B1AB29-57FC-4A8E-BEE7-A5F0B2725446}.Debug|x64.ActiveCfg = Debug|x64
		{E5B1AB29-57FC-4A8E-BEE7-A5F0B2725446}.Debug|x64.Build.0 = Debug|x64
		{E5B1AB29-57FC-4A8E-BEE7-A5F0B2725446}.Debug|x86.ActiveCfg = Debug|Win32
		{E5B1AB29-57FC-4A8E-BEE7-A5F0B2725446}.Debug|x86.Build.0 = Debug|Win32
		{E5B1AB29-57FC-4A8E-BEE7-A5F0B2725446}.Release|x64.ActiveCfg = Release|x64
		{E5B1AB29-57FC-4A8E-BEE7-A5F0B2725446}.Release|x64.Build.0 = Release|x64
		{E5B1AB29-57FC-4A8E-BEE7-A5F0B2725446}.Release|x86.ActiveCfg = Release|Win32
		{E5B1AB29-57FC-4A8E-BEE7-A5F0B2725446}.Release|x86.Build.0 = Release|Win32
		{A2D6E042-C70A-48A4-90D3-D7B31BF3486D}.Debug|x64.ActiveCfg = Debug|x64
		{A2D6E042-C70A-48A4-90D3-D7B31BF3486D}.Debug|x64.Build.0 = Debug|x64
		{A2D6E042-C70A-48A4-90D3-D7B31BF3486D}.Debug|x86.ActiveCfg = Debug|Win32
		{A2D6E042-C70A-48A4-90D3-D7B31BF3486D}.Debug|x86.Build.0 = Debug|Win32
		{A2D6E042-C70A-48A4-90D3-D7B31BF3486D}.Release|x64.ActiveCfg = Release|x64
		{A2D6E042-C70A-48A4-90D3-D7B31BF3486D}.Release|x64.Build.0 = Release|x64
		{A2D6E042-C70A-48A4-90D3-D7B31BF3486D}.Release|x86.ActiveCfg = Release|Win32
		{A2D6E042-C70A-48A4-90D3-D7B31BF3486D}.Release|x86.Build.0 = Release|Win32
		{34BC4F3A-015D-4524-AFA4-FBB440755C10}.Debug|x64.ActiveCfg = Debug|x64
		{34BC4F3A-015D-4524-AFA4-FBB440755C10}.Debug|x64.Build.0 = Debug|x64
		{34BC4F3A-015D-4524-AFA4-FBB440755C10}.Debug|x86.ActiveCfg = Debug|Win32
		{34BC4F3A-015D-4524-AFA4-FBB440755C10}.Debug|x86.Build.0 = Debug|Win32
		{34BC4F3A-015D-4524-AFA4-FBB440755C10}.Release|x64.ActiveCfg = Release|x64
		{34BC4F3A-015D-4524-AFA4-FBB440755C10}.Release|x64.Build.0 = Release|x64
		{34BC4F3A-015D-4524-AFA4-FBB440755C10}.Release|x86.ActiveCfg = Release|Win32
		{34BC4F3A-015D-4524-AFA4-FBB440755C10}.Release|x86.Build.0 = Release|Win32
		{EF0EEA33-5C44-4A68-A16F-4ABE9A35709A}.Debug|x64.ActiveCfg = Debug|x64
		{EF0EEA33-5C44-4A68-A16F-4ABE9A35709A}.Debug|x64.Build.0 = Debug|x64
		{EF0EEA33-5C44-4A68-A16F-4ABE9A35709A}.Debug|x86.ActiveCfg = Debug|Win32
		{EF0EEA33-5C44-4A68-A16F-4ABE9A35709A}.Debug|x86.Build.0 = Debug|Win32
		{EF0EEA33-5C44-4A68-A16F-4ABE9A35709A}.Release|x64.ActiveCfg = Release|x64
		{EF0EEA33-5C44-4A68-A16F-4ABE9A35709A}.Release|x64.Build.0 = Release|x64
		{EF0EEA33-5C44-4A68-A16F-4ABE9A35709A}.Release|x86.ActiveCfg = Release|Win32
		{EF0EEA33-5C44-4A68-A16F-4ABE9A35709A}.Release|x86.Build.0 = Release|Win32
		{25B47559-6FB0-4B9C-ADD9-CDCC5189A7C0}.Debug|x64.ActiveCfg = Debug|x64
		{25B47559-6FB0-4B9C-ADD9-CDCC5189A7C0}.Debug|x64.Build.0 = Debug|x64
		{25B47559-6FB0-4B9C-ADD9-CDCC5189A7C0}.Debug|x86.ActiveCfg = Debug|Win32
		{25B47559-6FB0-4B9C-ADD9-CDCC5189A7C0}.Debug|x86.Build.0 = Debug|Win32
		{25B47559-6FB0-4B9C-ADD9-CDCC5189A7C0}.Release|x64.ActiveCfg = Release|x64
		{25B47559-6FB0-4B9C-ADD9-CDCC5189A7C0}.Release|x64.Build.0 = Release|x64
		{25B47559-6FB0-4B9C-ADD9-CDCC5189A7C0}.Release|x86.ActiveCfg = Release|Win32
		{25B47559-6FB0-4B9C-ADD9-CDCC5189A7C0}.Release|x86.Build.0 = Release|Win32
		{63B97EF3-22FD-4EEF-A7C0-7768EB028D60}.Debug|x64.ActiveCfg = Debug|x64
		{63B97EF3-22FD-4EEF-A7C0-7768EB028D60}.Debug|x64.Build.0 = Debug|x64
		{63B97EF3-22FD-4EEF-A7C0-7768EB028D60}.Debug|x86.ActiveCfg = Debug|Win32
		{63B97EF3-22FD-4EEF-A7C0-7768EB028D60}.Debug|x86.Build.0 = Debug|Win32
		{63B97EF3-22FD-4EEF-A7C0-7768EB028D60}.Release|x64.ActiveCfg = Release|x64
		{63B97EF3-22FD-4EEF-A7C0-7768EB028D60}.Release|x64.Build.0 = Release|x64
		{63B97EF3-22FD-4EEF-A7C0-7768EB028D60}.Release|x86.ActiveCfg = Release|Win32
		{63B97EF3-22FD-4EEF-A7C0-7768EB028D60}.Release|x86.Build.0 = Release|Win32
		{D982EF56-836E-4523-8368-B586758C850B}.Debug|x64.ActiveCfg = Debug|x64
		{D982EF56-836E-4523-8368-B586758C850B}.Debug|x64.Build.0 = Debug|x64
		{D982EF56-836E-4523-8368-B586758C850B}.Debug|x86.ActiveCfg = Debug|Win32
		{D982EF56-836E-4523-8368-B586758C850B}.Debug|x86.Build.0 = Debug|Win32
		{D982EF56-836E-4523-8368-B586758C850B}.Release|x64.ActiveCfg = Release|x64
		{D982EF56-836E-4523-8368-B586758C850B}.Release|x64.Build.0 = Release|x64
		{D982EF56-836E-4523-8368-B586758C850B}.Release|x86.ActiveCfg = Release|Win32
		{D982EF56-836E-4523-8368-B586758C850B}.Release|x86.Build.0 = Release|Win32
		{CA06522E-4988-48C8-B6A9-ABD9976951DA}.Debug|x64.ActiveCfg = Debug|x64
		{CA06522E-4988-48C8-B6A9-ABD9976951DA}.Debug|x64.Build.0 = Debug|x64
		{CA06522E-4988-48C8-B6A9-ABD9976951DA}.Debug|x86.ActiveCfg = Debug|Win32
		{CA06522E-4988-48C8-B6A9-ABD9976951DA}.Debug|x86.Build.0 = Debug|Win32
		{CA06522E-4988-48C8-B6A9-ABD9976951DA}.Release|x64.ActiveCfg = Release|x64
		{CA06522E-4988-48C8-B6A9-ABD9976951DA}.Release|x64.Build.0 = Release|x64
		{CA06522E-4988-48C8-B6A9-ABD9976951DA}.Release|x86.ActiveCfg = Release|Win32
		{CA06522E-4988-48C8-B6A9-ABD9976951DA}.Release|x86.Build.0 = Release|Win32
		{7AA19F74-6D44-40B6-8486-001DAF677D45}.Debug|x64.ActiveCfg = Debug|x64
		{7AA19F74-6D44-40B6-8486-001DAF677D45}.Debug|x64.Build.0 = Debug|x64
		{7AA19F74-6D44-40B6-8486-001DAF677D45}.Debug|x86.ActiveCfg = Debug|Win32
		{7AA19F74-6D44-40B6-8486-001DAF677D45}.Debug|x86.Build.0 = Debug|Win32
		{7AA19F74-6D44-40B6-8486-001DAF677D45}.Release|x64.ActiveCfg = Release|x64
		{7AA19F74-6D44-40B6-8486-001DAF677D45}.Release|x64.Build.0 = Release|x64
		{7AA19F74-6D44-40B6-8486-001DAF677D45}.Release|x86.ActiveCfg = Release|Win32
		{7AA19F74-6D44-40B6-8486-001DAF677D45}.Release|x86.Build.0 = Release|Win32
	EndGlobalSection
	GlobalSection(SolutionProperties) = preSolution
		HideSolutionNode = FALSE
	EndGlobalSection
	GlobalSection(ExtensibilityGlobals) = postSolution
		SolutionGuid = {C87EF483-D33F-4D31-853A-0DB8AAE9619E}
	EndGlobalSection
EndGlobal
